// !$*UTF8*$!
{
	archiveVersion = 1;
	classes = {
	};
	objectVersion = 48;
	objects = {

/* Begin PBXBuildFile section */
		95B700F31FB7593600FC5C24 /* SelectPaymentMethodViewController.swift in Sources */ = {isa = PBXBuildFile; fileRef = 95B700F21FB7593600FC5C24 /* SelectPaymentMethodViewController.swift */; };
		95B700F61FB7620000FC5C24 /* PaymentMethod.swift in Sources */ = {isa = PBXBuildFile; fileRef = 95B700F51FB7620000FC5C24 /* PaymentMethod.swift */; };
		95B700F81FB7620D00FC5C24 /* PaymentInfo.swift in Sources */ = {isa = PBXBuildFile; fileRef = 95B700F71FB7620D00FC5C24 /* PaymentInfo.swift */; };
		95B700FF1FB76ADB00FC5C24 /* UIImageViewExtensions.swift in Sources */ = {isa = PBXBuildFile; fileRef = 95B700FE1FB76ADB00FC5C24 /* UIImageViewExtensions.swift */; };
		95B701011FB7786700FC5C24 /* PaymentInfoItem.swift in Sources */ = {isa = PBXBuildFile; fileRef = 95B701001FB7786700FC5C24 /* PaymentInfoItem.swift */; };
		95B701051FB778BD00FC5C24 /* Bank.swift in Sources */ = {isa = PBXBuildFile; fileRef = 95B701041FB778BD00FC5C24 /* Bank.swift */; };
		95B701091FB7799200FC5C24 /* InstallmentPlan.swift in Sources */ = {isa = PBXBuildFile; fileRef = 95B701081FB7799200FC5C24 /* InstallmentPlan.swift */; };
		95B7010B1FB77D5F00FC5C24 /* SelectBankViewController.swift in Sources */ = {isa = PBXBuildFile; fileRef = 95B7010A1FB77D5F00FC5C24 /* SelectBankViewController.swift */; };
		95B7010D1FB77DA500FC5C24 /* SelectInstallmentPlanViewController.swift in Sources */ = {isa = PBXBuildFile; fileRef = 95B7010C1FB77DA500FC5C24 /* SelectInstallmentPlanViewController.swift */; };
		95B7010F1FB7834300FC5C24 /* PaymentInfoItemTableViewController.swift in Sources */ = {isa = PBXBuildFile; fileRef = 95B7010E1FB7834300FC5C24 /* PaymentInfoItemTableViewController.swift */; };
		95B701111FB7855D00FC5C24 /* PaymentInfoTableViewCell.swift in Sources */ = {isa = PBXBuildFile; fileRef = 95B701101FB7855D00FC5C24 /* PaymentInfoTableViewCell.swift */; };
		95C186641FB62EE100193C61 /* AppDelegate.swift in Sources */ = {isa = PBXBuildFile; fileRef = 95C186631FB62EE100193C61 /* AppDelegate.swift */; };
		95C186661FB62EE100193C61 /* ViewController.swift in Sources */ = {isa = PBXBuildFile; fileRef = 95C186651FB62EE100193C61 /* ViewController.swift */; };
		95C186691FB62EE100193C61 /* Main.storyboard in Resources */ = {isa = PBXBuildFile; fileRef = 95C186671FB62EE100193C61 /* Main.storyboard */; };
		95C1866B1FB62EE100193C61 /* Assets.xcassets in Resources */ = {isa = PBXBuildFile; fileRef = 95C1866A1FB62EE100193C61 /* Assets.xcassets */; };
		95C1866E1FB62EE100193C61 /* LaunchScreen.storyboard in Resources */ = {isa = PBXBuildFile; fileRef = 95C1866C1FB62EE100193C61 /* LaunchScreen.storyboard */; };
		95E977D21FB6376F00A9A937 /* AmountEntryViewController.swift in Sources */ = {isa = PBXBuildFile; fileRef = 95E977D11FB6376F00A9A937 /* AmountEntryViewController.swift */; };
		95E977D51FB63BE600A9A937 /* StringExtensions.swift in Sources */ = {isa = PBXBuildFile; fileRef = 95E977D41FB63BE600A9A937 /* StringExtensions.swift */; };
		95E977D71FB646E500A9A937 /* MercadoPago.swift in Sources */ = {isa = PBXBuildFile; fileRef = 95E977D61FB646E500A9A937 /* MercadoPago.swift */; };
		95E977D81FB6610700A9A937 /* Alamofire_SwiftyJSON.framework in Frameworks */ = {isa = PBXBuildFile; fileRef = 95E977D91FB6610700A9A937 /* Alamofire_SwiftyJSON.framework */; };
		95E977DA1FB6614400A9A937 /* Alamofire.framework in Frameworks */ = {isa = PBXBuildFile; fileRef = 95E977DB1FB6614400A9A937 /* Alamofire.framework */; };
		95E977DC1FB6614D00A9A937 /* Pods_MLtest.framework in Frameworks */ = {isa = PBXBuildFile; fileRef = 95E977DD1FB6614D00A9A937 /* Pods_MLtest.framework */; };
		95E977DE1FB6615000A9A937 /* SwiftyJSON.framework in Frameworks */ = {isa = PBXBuildFile; fileRef = 95E977DF1FB6615000A9A937 /* SwiftyJSON.framework */; };
/* End PBXBuildFile section */

/* Begin PBXFileReference section */
		3FB4924E9D65D66772E079E7 /* Pods-MLtest.debug.xcconfig */ = {isa = PBXFileReference; includeInIndex = 1; lastKnownFileType = text.xcconfig; name = "Pods-MLtest.debug.xcconfig"; path = "Pods/Target Support Files/Pods-MLtest/Pods-MLtest.debug.xcconfig"; sourceTree = "<group>"; };
		95B700F21FB7593600FC5C24 /* SelectPaymentMethodViewController.swift */ = {isa = PBXFileReference; lastKnownFileType = sourcecode.swift; path = SelectPaymentMethodViewController.swift; sourceTree = "<group>"; };
		95B700F51FB7620000FC5C24 /* PaymentMethod.swift */ = {isa = PBXFileReference; lastKnownFileType = sourcecode.swift; path = PaymentMethod.swift; sourceTree = "<group>"; };
		95B700F71FB7620D00FC5C24 /* PaymentInfo.swift */ = {isa = PBXFileReference; lastKnownFileType = sourcecode.swift; path = PaymentInfo.swift; sourceTree = "<group>"; };
		95B700FE1FB76ADB00FC5C24 /* UIImageViewExtensions.swift */ = {isa = PBXFileReference; lastKnownFileType = sourcecode.swift; path = UIImageViewExtensions.swift; sourceTree = "<group>"; };
		95B701001FB7786700FC5C24 /* PaymentInfoItem.swift */ = {isa = PBXFileReference; lastKnownFileType = sourcecode.swift; path = PaymentInfoItem.swift; sourceTree = "<group>"; };
		95B701041FB778BD00FC5C24 /* Bank.swift */ = {isa = PBXFileReference; lastKnownFileType = sourcecode.swift; path = Bank.swift; sourceTree = "<group>"; };
		95B701081FB7799200FC5C24 /* InstallmentPlan.swift */ = {isa = PBXFileReference; lastKnownFileType = sourcecode.swift; path = InstallmentPlan.swift; sourceTree = "<group>"; };
		95B7010A1FB77D5F00FC5C24 /* SelectBankViewController.swift */ = {isa = PBXFileReference; lastKnownFileType = sourcecode.swift; path = SelectBankViewController.swift; sourceTree = "<group>"; };
		95B7010C1FB77DA500FC5C24 /* SelectInstallmentPlanViewController.swift */ = {isa = PBXFileReference; lastKnownFileType = sourcecode.swift; path = SelectInstallmentPlanViewController.swift; sourceTree = "<group>"; };
		95B7010E1FB7834300FC5C24 /* PaymentInfoItemTableViewController.swift */ = {isa = PBXFileReference; lastKnownFileType = sourcecode.swift; path = PaymentInfoItemTableViewController.swift; sourceTree = "<group>"; };
		95B701101FB7855D00FC5C24 /* PaymentInfoTableViewCell.swift */ = {isa = PBXFileReference; lastKnownFileType = sourcecode.swift; path = PaymentInfoTableViewCell.swift; sourceTree = "<group>"; };
		95C186601FB62EE100193C61 /* MLtest.app */ = {isa = PBXFileReference; explicitFileType = wrapper.application; includeInIndex = 0; path = MLtest.app; sourceTree = BUILT_PRODUCTS_DIR; };
		95C186631FB62EE100193C61 /* AppDelegate.swift */ = {isa = PBXFileReference; lastKnownFileType = sourcecode.swift; path = AppDelegate.swift; sourceTree = "<group>"; };
		95C186651FB62EE100193C61 /* ViewController.swift */ = {isa = PBXFileReference; lastKnownFileType = sourcecode.swift; path = ViewController.swift; sourceTree = "<group>"; };
		95C186681FB62EE100193C61 /* Base */ = {isa = PBXFileReference; lastKnownFileType = file.storyboard; name = Base; path = Base.lproj/Main.storyboard; sourceTree = "<group>"; };
		95C1866A1FB62EE100193C61 /* Assets.xcassets */ = {isa = PBXFileReference; lastKnownFileType = folder.assetcatalog; path = Assets.xcassets; sourceTree = "<group>"; };
		95C1866D1FB62EE100193C61 /* Base */ = {isa = PBXFileReference; lastKnownFileType = file.storyboard; name = Base; path = Base.lproj/LaunchScreen.storyboard; sourceTree = "<group>"; };
		95C1866F1FB62EE100193C61 /* Info.plist */ = {isa = PBXFileReference; lastKnownFileType = text.plist.xml; path = Info.plist; sourceTree = "<group>"; };
		95E977D11FB6376F00A9A937 /* AmountEntryViewController.swift */ = {isa = PBXFileReference; lastKnownFileType = sourcecode.swift; path = AmountEntryViewController.swift; sourceTree = "<group>"; };
		95E977D41FB63BE600A9A937 /* StringExtensions.swift */ = {isa = PBXFileReference; lastKnownFileType = sourcecode.swift; path = StringExtensions.swift; sourceTree = "<group>"; };
		95E977D61FB646E500A9A937 /* MercadoPago.swift */ = {isa = PBXFileReference; lastKnownFileType = sourcecode.swift; path = MercadoPago.swift; sourceTree = "<group>"; };
		95E977D91FB6610700A9A937 /* Alamofire_SwiftyJSON.framework */ = {isa = PBXFileReference; explicitFileType = wrapper.framework; path = Alamofire_SwiftyJSON.framework; sourceTree = BUILT_PRODUCTS_DIR; };
		95E977DB1FB6614400A9A937 /* Alamofire.framework */ = {isa = PBXFileReference; explicitFileType = wrapper.framework; path = Alamofire.framework; sourceTree = BUILT_PRODUCTS_DIR; };
		95E977DD1FB6614D00A9A937 /* Pods_MLtest.framework */ = {isa = PBXFileReference; explicitFileType = wrapper.framework; path = Pods_MLtest.framework; sourceTree = BUILT_PRODUCTS_DIR; };
		95E977DF1FB6615000A9A937 /* SwiftyJSON.framework */ = {isa = PBXFileReference; explicitFileType = wrapper.framework; path = SwiftyJSON.framework; sourceTree = BUILT_PRODUCTS_DIR; };
		B9ACC3A53ADBF2B401406CB3 /* Pods_MLtest.framework */ = {isa = PBXFileReference; explicitFileType = wrapper.framework; includeInIndex = 0; path = Pods_MLtest.framework; sourceTree = BUILT_PRODUCTS_DIR; };
		E8EF1E54B21B5D31C72F8EA8 /* Pods-MLtest.release.xcconfig */ = {isa = PBXFileReference; includeInIndex = 1; lastKnownFileType = text.xcconfig; name = "Pods-MLtest.release.xcconfig"; path = "Pods/Target Support Files/Pods-MLtest/Pods-MLtest.release.xcconfig"; sourceTree = "<group>"; };
/* End PBXFileReference section */

/* Begin PBXFrameworksBuildPhase section */
		95C1865D1FB62EE100193C61 /* Frameworks */ = {
			isa = PBXFrameworksBuildPhase;
			buildActionMask = 2147483647;
			files = (
				95E977DE1FB6615000A9A937 /* SwiftyJSON.framework in Frameworks */,
				95E977DC1FB6614D00A9A937 /* Pods_MLtest.framework in Frameworks */,
				95E977DA1FB6614400A9A937 /* Alamofire.framework in Frameworks */,
				95E977D81FB6610700A9A937 /* Alamofire_SwiftyJSON.framework in Frameworks */,
			);
			runOnlyForDeploymentPostprocessing = 0;
		};
/* End PBXFrameworksBuildPhase section */

/* Begin PBXGroup section */
		95B700F41FB761C100FC5C24 /* Model */ = {
			isa = PBXGroup;
			children = (
				95B700F51FB7620000FC5C24 /* PaymentMethod.swift */,
				95B700F71FB7620D00FC5C24 /* PaymentInfo.swift */,
				95B701001FB7786700FC5C24 /* PaymentInfoItem.swift */,
				95B701041FB778BD00FC5C24 /* Bank.swift */,
				95B701081FB7799200FC5C24 /* InstallmentPlan.swift */,
			);
			path = Model;
			sourceTree = "<group>";
		};
		95B700F91FB765C800FC5C24 /* TableViewCells */ = {
			isa = PBXGroup;
			children = (
				95B701101FB7855D00FC5C24 /* PaymentInfoTableViewCell.swift */,
			);
			path = TableViewCells;
			sourceTree = "<group>";
		};
		95C186571FB62EE100193C61 = {
			isa = PBXGroup;
			children = (
				95C186621FB62EE100193C61 /* MLtest */,
				95C186611FB62EE100193C61 /* Products */,
				A3049B1AFB7B82405D875681 /* Pods */,
				A4F48791151E5B6C623C9CF2 /* Frameworks */,
			);
			sourceTree = "<group>";
		};
		95C186611FB62EE100193C61 /* Products */ = {
			isa = PBXGroup;
			children = (
				95C186601FB62EE100193C61 /* MLtest.app */,
			);
			name = Products;
			sourceTree = "<group>";
		};
		95C186621FB62EE100193C61 /* MLtest */ = {
			isa = PBXGroup;
			children = (
				95B700F91FB765C800FC5C24 /* TableViewCells */,
				95B700F41FB761C100FC5C24 /* Model */,
				95E977D31FB63BD500A9A937 /* Extensions */,
				95E977D01FB6372100A9A937 /* ViewControllers */,
				95C186631FB62EE100193C61 /* AppDelegate.swift */,
				95C186671FB62EE100193C61 /* Main.storyboard */,
				95C1866A1FB62EE100193C61 /* Assets.xcassets */,
				95C1866C1FB62EE100193C61 /* LaunchScreen.storyboard */,
				95C1866F1FB62EE100193C61 /* Info.plist */,
				95E977D61FB646E500A9A937 /* MercadoPago.swift */,
			);
			path = MLtest;
			sourceTree = "<group>";
		};
		95E977D01FB6372100A9A937 /* ViewControllers */ = {
			isa = PBXGroup;
			children = (
				95C186651FB62EE100193C61 /* ViewController.swift */,
				95E977D11FB6376F00A9A937 /* AmountEntryViewController.swift */,
				95B700F21FB7593600FC5C24 /* SelectPaymentMethodViewController.swift */,
				95B7010A1FB77D5F00FC5C24 /* SelectBankViewController.swift */,
				95B7010C1FB77DA500FC5C24 /* SelectInstallmentPlanViewController.swift */,
				95B7010E1FB7834300FC5C24 /* PaymentInfoItemTableViewController.swift */,
			);
			path = ViewControllers;
			sourceTree = "<group>";
		};
		95E977D31FB63BD500A9A937 /* Extensions */ = {
			isa = PBXGroup;
			children = (
				95E977D41FB63BE600A9A937 /* StringExtensions.swift */,
				95B700FE1FB76ADB00FC5C24 /* UIImageViewExtensions.swift */,
			);
			path = Extensions;
			sourceTree = "<group>";
		};
		A3049B1AFB7B82405D875681 /* Pods */ = {
			isa = PBXGroup;
			children = (
				3FB4924E9D65D66772E079E7 /* Pods-MLtest.debug.xcconfig */,
				E8EF1E54B21B5D31C72F8EA8 /* Pods-MLtest.release.xcconfig */,
			);
			name = Pods;
			sourceTree = "<group>";
		};
		A4F48791151E5B6C623C9CF2 /* Frameworks */ = {
			isa = PBXGroup;
			children = (
				95E977DF1FB6615000A9A937 /* SwiftyJSON.framework */,
				95E977DD1FB6614D00A9A937 /* Pods_MLtest.framework */,
				95E977DB1FB6614400A9A937 /* Alamofire.framework */,
				95E977D91FB6610700A9A937 /* Alamofire_SwiftyJSON.framework */,
				B9ACC3A53ADBF2B401406CB3 /* Pods_MLtest.framework */,
			);
			name = Frameworks;
			sourceTree = "<group>";
		};
/* End PBXGroup section */

/* Begin PBXNativeTarget section */
		95C1865F1FB62EE100193C61 /* MLtest */ = {
			isa = PBXNativeTarget;
			buildConfigurationList = 95C186721FB62EE200193C61 /* Build configuration list for PBXNativeTarget "MLtest" */;
			buildPhases = (
				BCB93ECD91FA004F8F4D098C /* [CP] Check Pods Manifest.lock */,
				95C1865C1FB62EE100193C61 /* Sources */,
				95C1865D1FB62EE100193C61 /* Frameworks */,
				95C1865E1FB62EE100193C61 /* Resources */,
				C666941F5679F090FC47D3CA /* [CP] Embed Pods Frameworks */,
				BEA8E04395B7610F14412BFD /* [CP] Copy Pods Resources */,
			);
			buildRules = (
			);
			dependencies = (
			);
			name = MLtest;
			productName = MLtest;
			productReference = 95C186601FB62EE100193C61 /* MLtest.app */;
			productType = "com.apple.product-type.application";
		};
/* End PBXNativeTarget section */

/* Begin PBXProject section */
		95C186581FB62EE100193C61 /* Project object */ = {
			isa = PBXProject;
			attributes = {
				LastSwiftUpdateCheck = 0910;
				LastUpgradeCheck = 0910;
				ORGANIZATIONNAME = AleIartsev;
				TargetAttributes = {
					95C1865F1FB62EE100193C61 = {
						CreatedOnToolsVersion = 9.1;
						ProvisioningStyle = Automatic;
					};
				};
			};
			buildConfigurationList = 95C1865B1FB62EE100193C61 /* Build configuration list for PBXProject "MLtest" */;
			compatibilityVersion = "Xcode 8.0";
			developmentRegion = en;
			hasScannedForEncodings = 0;
			knownRegions = (
				en,
				Base,
			);
			mainGroup = 95C186571FB62EE100193C61;
			productRefGroup = 95C186611FB62EE100193C61 /* Products */;
			projectDirPath = "";
			projectRoot = "";
			targets = (
				95C1865F1FB62EE100193C61 /* MLtest */,
			);
		};
/* End PBXProject section */

/* Begin PBXResourcesBuildPhase section */
		95C1865E1FB62EE100193C61 /* Resources */ = {
			isa = PBXResourcesBuildPhase;
			buildActionMask = 2147483647;
			files = (
				95C1866E1FB62EE100193C61 /* LaunchScreen.storyboard in Resources */,
				95C1866B1FB62EE100193C61 /* Assets.xcassets in Resources */,
				95C186691FB62EE100193C61 /* Main.storyboard in Resources */,
			);
			runOnlyForDeploymentPostprocessing = 0;
		};
/* End PBXResourcesBuildPhase section */

/* Begin PBXShellScriptBuildPhase section */
		BCB93ECD91FA004F8F4D098C /* [CP] Check Pods Manifest.lock */ = {
			isa = PBXShellScriptBuildPhase;
			buildActionMask = 2147483647;
			files = (
			);
			inputPaths = (
			);
			name = "[CP] Check Pods Manifest.lock";
			outputPaths = (
			);
			runOnlyForDeploymentPostprocessing = 0;
			shellPath = /bin/sh;
			shellScript = "diff \"${PODS_ROOT}/../Podfile.lock\" \"${PODS_ROOT}/Manifest.lock\" > /dev/null\nif [ $? != 0 ] ; then\n    # print error to STDERR\n    echo \"error: The sandbox is not in sync with the Podfile.lock. Run 'pod install' or update your CocoaPods installation.\" >&2\n    exit 1\nfi\n";
			showEnvVarsInLog = 0;
		};
		BEA8E04395B7610F14412BFD /* [CP] Copy Pods Resources */ = {
			isa = PBXShellScriptBuildPhase;
			buildActionMask = 2147483647;
			files = (
			);
			inputPaths = (
			);
			name = "[CP] Copy Pods Resources";
			outputPaths = (
			);
			runOnlyForDeploymentPostprocessing = 0;
			shellPath = /bin/sh;
			shellScript = "\"${SRCROOT}/Pods/Target Support Files/Pods-MLtest/Pods-MLtest-resources.sh\"\n";
			showEnvVarsInLog = 0;
		};
		C666941F5679F090FC47D3CA /* [CP] Embed Pods Frameworks */ = {
			isa = PBXShellScriptBuildPhase;
			buildActionMask = 2147483647;
			files = (
			);
			inputPaths = (
			);
			name = "[CP] Embed Pods Frameworks";
			outputPaths = (
			);
			runOnlyForDeploymentPostprocessing = 0;
			shellPath = /bin/sh;
			shellScript = "\"${SRCROOT}/Pods/Target Support Files/Pods-MLtest/Pods-MLtest-frameworks.sh\"\n";
			showEnvVarsInLog = 0;
		};
/* End PBXShellScriptBuildPhase section */

/* Begin PBXSourcesBuildPhase section */
		95C1865C1FB62EE100193C61 /* Sources */ = {
			isa = PBXSourcesBuildPhase;
			buildActionMask = 2147483647;
			files = (
				95B700F31FB7593600FC5C24 /* SelectPaymentMethodViewController.swift in Sources */,
				95E977D51FB63BE600A9A937 /* StringExtensions.swift in Sources */,
				95C186661FB62EE100193C61 /* ViewController.swift in Sources */,
				95B701111FB7855D00FC5C24 /* PaymentInfoTableViewCell.swift in Sources */,
				95B7010F1FB7834300FC5C24 /* PaymentInfoItemTableViewController.swift in Sources */,
				95B701091FB7799200FC5C24 /* InstallmentPlan.swift in Sources */,
				95B701011FB7786700FC5C24 /* PaymentInfoItem.swift in Sources */,
				95B700F61FB7620000FC5C24 /* PaymentMethod.swift in Sources */,
				95C186641FB62EE100193C61 /* AppDelegate.swift in Sources */,
				95E977D71FB646E500A9A937 /* MercadoPago.swift in Sources */,
				95B700F81FB7620D00FC5C24 /* PaymentInfo.swift in Sources */,
				95B701051FB778BD00FC5C24 /* Bank.swift in Sources */,
				95B7010D1FB77DA500FC5C24 /* SelectInstallmentPlanViewController.swift in Sources */,
				95B700FF1FB76ADB00FC5C24 /* UIImageViewExtensions.swift in Sources */,
				95B7010B1FB77D5F00FC5C24 /* SelectBankViewController.swift in Sources */,
				95E977D21FB6376F00A9A937 /* AmountEntryViewController.swift in Sources */,
			);
			runOnlyForDeploymentPostprocessing = 0;
		};
/* End PBXSourcesBuildPhase section */

/* Begin PBXVariantGroup section */
		95C186671FB62EE100193C61 /* Main.storyboard */ = {
			isa = PBXVariantGroup;
			children = (
				95C186681FB62EE100193C61 /* Base */,
			);
			name = Main.storyboard;
			sourceTree = "<group>";
		};
		95C1866C1FB62EE100193C61 /* LaunchScreen.storyboard */ = {
			isa = PBXVariantGroup;
			children = (
				95C1866D1FB62EE100193C61 /* Base */,
			);
			name = LaunchScreen.storyboard;
			sourceTree = "<group>";
		};
/* End PBXVariantGroup section */

/* Begin XCBuildConfiguration section */
		95C186701FB62EE100193C61 /* Debug */ = {
			isa = XCBuildConfiguration;
			buildSettings = {
				ALWAYS_SEARCH_USER_PATHS = NO;
				CLANG_ANALYZER_NONNULL = YES;
				CLANG_ANALYZER_NUMBER_OBJECT_CONVERSION = YES_AGGRESSIVE;
				CLANG_CXX_LANGUAGE_STANDARD = "gnu++14";
				CLANG_CXX_LIBRARY = "libc++";
				CLANG_ENABLE_MODULES = YES;
				CLANG_ENABLE_OBJC_ARC = YES;
				CLANG_WARN_BLOCK_CAPTURE_AUTORELEASING = YES;
				CLANG_WARN_BOOL_CONVERSION = YES;
				CLANG_WARN_COMMA = YES;
				CLANG_WARN_CONSTANT_CONVERSION = YES;
				CLANG_WARN_DIRECT_OBJC_ISA_USAGE = YES_ERROR;
				CLANG_WARN_DOCUMENTATION_COMMENTS = YES;
				CLANG_WARN_EMPTY_BODY = YES;
				CLANG_WARN_ENUM_CONVERSION = YES;
				CLANG_WARN_INFINITE_RECURSION = YES;
				CLANG_WARN_INT_CONVERSION = YES;
				CLANG_WARN_NON_LITERAL_NULL_CONVERSION = YES;
				CLANG_WARN_OBJC_LITERAL_CONVERSION = YES;
				CLANG_WARN_OBJC_ROOT_CLASS = YES_ERROR;
				CLANG_WARN_RANGE_LOOP_ANALYSIS = YES;
				CLANG_WARN_STRICT_PROTOTYPES = YES;
				CLANG_WARN_SUSPICIOUS_MOVE = YES;
				CLANG_WARN_UNGUARDED_AVAILABILITY = YES_AGGRESSIVE;
				CLANG_WARN_UNREACHABLE_CODE = YES;
				CLANG_WARN__DUPLICATE_METHOD_MATCH = YES;
				CODE_SIGN_IDENTITY = "iPhone Developer";
				COPY_PHASE_STRIP = NO;
				DEBUG_INFORMATION_FORMAT = dwarf;
				ENABLE_STRICT_OBJC_MSGSEND = YES;
				ENABLE_TESTABILITY = YES;
				GCC_C_LANGUAGE_STANDARD = gnu11;
				GCC_DYNAMIC_NO_PIC = NO;
				GCC_NO_COMMON_BLOCKS = YES;
				GCC_OPTIMIZATION_LEVEL = 0;
				GCC_PREPROCESSOR_DEFINITIONS = (
					"DEBUG=1",
					"$(inherited)",
				);
				GCC_WARN_64_TO_32_BIT_CONVERSION = YES;
				GCC_WARN_ABOUT_RETURN_TYPE = YES_ERROR;
				GCC_WARN_UNDECLARED_SELECTOR = YES;
				GCC_WARN_UNINITIALIZED_AUTOS = YES_AGGRESSIVE;
				GCC_WARN_UNUSED_FUNCTION = YES;
				GCC_WARN_UNUSED_VARIABLE = YES;
				IPHONEOS_DEPLOYMENT_TARGET = 11.1;
				MTL_ENABLE_DEBUG_INFO = YES;
				ONLY_ACTIVE_ARCH = YES;
				SDKROOT = iphoneos;
				SWIFT_ACTIVE_COMPILATION_CONDITIONS = DEBUG;
				SWIFT_OPTIMIZATION_LEVEL = "-Onone";
			};
			name = Debug;
		};
		95C186711FB62EE100193C61 /* Release */ = {
			isa = XCBuildConfiguration;
			buildSettings = {
				ALWAYS_SEARCH_USER_PATHS = NO;
				CLANG_ANALYZER_NONNULL = YES;
				CLANG_ANALYZER_NUMBER_OBJECT_CONVERSION = YES_AGGRESSIVE;
				CLANG_CXX_LANGUAGE_STANDARD = "gnu++14";
				CLANG_CXX_LIBRARY = "libc++";
				CLANG_ENABLE_MODULES = YES;
				CLANG_ENABLE_OBJC_ARC = YES;
				CLANG_WARN_BLOCK_CAPTURE_AUTORELEASING = YES;
				CLANG_WARN_BOOL_CONVERSION = YES;
				CLANG_WARN_COMMA = YES;
				CLANG_WARN_CONSTANT_CONVERSION = YES;
				CLANG_WARN_DIRECT_OBJC_ISA_USAGE = YES_ERROR;
				CLANG_WARN_DOCUMENTATION_COMMENTS = YES;
				CLANG_WARN_EMPTY_BODY = YES;
				CLANG_WARN_ENUM_CONVERSION = YES;
				CLANG_WARN_INFINITE_RECURSION = YES;
				CLANG_WARN_INT_CONVERSION = YES;
				CLANG_WARN_NON_LITERAL_NULL_CONVERSION = YES;
				CLANG_WARN_OBJC_LITERAL_CONVERSION = YES;
				CLANG_WARN_OBJC_ROOT_CLASS = YES_ERROR;
				CLANG_WARN_RANGE_LOOP_ANALYSIS = YES;
				CLANG_WARN_STRICT_PROTOTYPES = YES;
				CLANG_WARN_SUSPICIOUS_MOVE = YES;
				CLANG_WARN_UNGUARDED_AVAILABILITY = YES_AGGRESSIVE;
				CLANG_WARN_UNREACHABLE_CODE = YES;
				CLANG_WARN__DUPLICATE_METHOD_MATCH = YES;
				CODE_SIGN_IDENTITY = "iPhone Developer";
				COPY_PHASE_STRIP = NO;
				DEBUG_INFORMATION_FORMAT = "dwarf-with-dsym";
				ENABLE_NS_ASSERTIONS = NO;
				ENABLE_STRICT_OBJC_MSGSEND = YES;
				GCC_C_LANGUAGE_STANDARD = gnu11;
				GCC_NO_COMMON_BLOCKS = YES;
				GCC_WARN_64_TO_32_BIT_CONVERSION = YES;
				GCC_WARN_ABOUT_RETURN_TYPE = YES_ERROR;
				GCC_WARN_UNDECLARED_SELECTOR = YES;
				GCC_WARN_UNINITIALIZED_AUTOS = YES_AGGRESSIVE;
				GCC_WARN_UNUSED_FUNCTION = YES;
				GCC_WARN_UNUSED_VARIABLE = YES;
				IPHONEOS_DEPLOYMENT_TARGET = 11.1;
				MTL_ENABLE_DEBUG_INFO = NO;
				SDKROOT = iphoneos;
				SWIFT_OPTIMIZATION_LEVEL = "-Owholemodule";
				VALIDATE_PRODUCT = YES;
			};
			name = Release;
		};
		95C186731FB62EE200193C61 /* Debug */ = {
			isa = XCBuildConfiguration;
			baseConfigurationReference = 3FB4924E9D65D66772E079E7 /* Pods-MLtest.debug.xcconfig */;
			buildSettings = {
				ASSETCATALOG_COMPILER_APPICON_NAME = AppIcon;
				CODE_SIGN_STYLE = Automatic;
				DEVELOPMENT_TEAM = 82YL3U2AR3;
				INFOPLIST_FILE = MLtest/Info.plist;
				LD_RUNPATH_SEARCH_PATHS = "$(inherited) @executable_path/Frameworks";
				PRODUCT_BUNDLE_IDENTIFIER = com.aleiartsev.MLtest;
				PRODUCT_NAME = "$(TARGET_NAME)";
				SWIFT_VERSION = 4.0;
				TARGETED_DEVICE_FAMILY = "1,2";
			};
			name = Debug;
		};
		95C186741FB62EE200193C61 /* Release */ = {
			isa = XCBuildConfiguration;
			baseConfigurationReference = E8EF1E54B21B5D31C72F8EA8 /* Pods-MLtest.release.xcconfig */;
			buildSettings = {
				ASSETCATALOG_COMPILER_APPICON_NAME = AppIcon;
				CODE_SIGN_STYLE = Automatic;
				DEVELOPMENT_TEAM = 82YL3U2AR3;
				INFOPLIST_FILE = MLtest/Info.plist;
				LD_RUNPATH_SEARCH_PATHS = "$(inherited) @executable_path/Frameworks";
				PRODUCT_BUNDLE_IDENTIFIER = com.aleiartsev.MLtest;
				PRODUCT_NAME = "$(TARGET_NAME)";
				SWIFT_VERSION = 4.0;
				TARGETED_DEVICE_FAMILY = "1,2";
			};
			name = Release;
		};
/* End XCBuildConfiguration section */

/* Begin XCConfigurationList section */
		95C1865B1FB62EE100193C61 /* Build configuration list for PBXProject "MLtest" */ = {
			isa = XCConfigurationList;
			buildConfigurations = (
				95C186701FB62EE100193C61 /* Debug */,
				95C186711FB62EE100193C61 /* Release */,
			);
			defaultConfigurationIsVisible = 0;
			defaultConfigurationName = Release;
		};
		95C186721FB62EE200193C61 /* Build configuration list for PBXNativeTarget "MLtest" */ = {
			isa = XCConfigurationList;
			buildConfigurations = (
				95C186731FB62EE200193C61 /* Debug */,
				95C186741FB62EE200193C61 /* Release */,
			);
			defaultConfigurationIsVisible = 0;
			defaultConfigurationName = Release;
		};
/* End XCConfigurationList section */
	};
	rootObject = 95C186581FB62EE100193C61 /* Project object */;
}
